{
  "pins" : [
    {
      "identity" : "waterfalltruecompositionallayout",
      "kind" : "remoteSourceControl",
      "location" : "git@github.com:eeshishko/WaterfallTrueCompositionalLayout.git",
      "state" : {
        "revision" : "f45da38f2f08aa557be75f64b1b5499149ae95d9"
      }
    }
  ],
  "version" : 2
}
